// !$*UTF8*$!
{
	archiveVersion = 1;
	classes = {
	};
	objectVersion = 56;
	objects = {

/* Begin PBXBuildFile section */
		904284F62808B3E5006D5CB2 /* AppDelegate.swift in Sources */ = {isa = PBXBuildFile; fileRef = 904284F52808B3E5006D5CB2 /* AppDelegate.swift */; };
		904284F82808B3E5006D5CB2 /* ViewController.swift in Sources */ = {isa = PBXBuildFile; fileRef = 904284F72808B3E5006D5CB2 /* ViewController.swift */; };
		904284FA2808B3E6006D5CB2 /* Assets.xcassets in Resources */ = {isa = PBXBuildFile; fileRef = 904284F92808B3E6006D5CB2 /* Assets.xcassets */; };
		904284FD2808B3E6006D5CB2 /* Main.storyboard in Resources */ = {isa = PBXBuildFile; fileRef = 904284FB2808B3E6006D5CB2 /* Main.storyboard */; };
		904285082808B3E6006D5CB2 /* HologramShaderTests.swift in Sources */ = {isa = PBXBuildFile; fileRef = 904285072808B3E6006D5CB2 /* HologramShaderTests.swift */; };
		904285122808B3E6006D5CB2 /* HologramShaderUITests.swift in Sources */ = {isa = PBXBuildFile; fileRef = 904285112808B3E6006D5CB2 /* HologramShaderUITests.swift */; };
		904285142808B3E6006D5CB2 /* HologramShaderUITestsLaunchTests.swift in Sources */ = {isa = PBXBuildFile; fileRef = 904285132808B3E6006D5CB2 /* HologramShaderUITestsLaunchTests.swift */; };
/* End PBXBuildFile section */

/* Begin PBXContainerItemProxy section */
		904285042808B3E6006D5CB2 /* PBXContainerItemProxy */ = {
			isa = PBXContainerItemProxy;
			containerPortal = 904284EA2808B3E5006D5CB2 /* Project object */;
			proxyType = 1;
			remoteGlobalIDString = 904284F12808B3E5006D5CB2;
			remoteInfo = HologramShader;
		};
		9042850E2808B3E6006D5CB2 /* PBXContainerItemProxy */ = {
			isa = PBXContainerItemProxy;
			containerPortal = 904284EA2808B3E5006D5CB2 /* Project object */;
			proxyType = 1;
			remoteGlobalIDString = 904284F12808B3E5006D5CB2;
			remoteInfo = HologramShader;
		};
/* End PBXContainerItemProxy section */

/* Begin PBXFileReference section */
		904284F22808B3E5006D5CB2 /* HologramShader.app */ = {isa = PBXFileReference; explicitFileType = wrapper.application; includeInIndex = 0; path = HologramShader.app; sourceTree = BUILT_PRODUCTS_DIR; };
		904284F52808B3E5006D5CB2 /* AppDelegate.swift */ = {isa = PBXFileReference; lastKnownFileType = sourcecode.swift; path = AppDelegate.swift; sourceTree = "<group>"; };
		904284F72808B3E5006D5CB2 /* ViewController.swift */ = {isa = PBXFileReference; lastKnownFileType = sourcecode.swift; path = ViewController.swift; sourceTree = "<group>"; };
		904284F92808B3E6006D5CB2 /* Assets.xcassets */ = {isa = PBXFileReference; lastKnownFileType = folder.assetcatalog; path = Assets.xcassets; sourceTree = "<group>"; };
		904284FC2808B3E6006D5CB2 /* Base */ = {isa = PBXFileReference; lastKnownFileType = file.storyboard; name = Base; path = Base.lproj/Main.storyboard; sourceTree = "<group>"; };
		904284FE2808B3E6006D5CB2 /* HologramShader.entitlements */ = {isa = PBXFileReference; lastKnownFileType = text.plist.entitlements; path = HologramShader.entitlements; sourceTree = "<group>"; };
		904285032808B3E6006D5CB2 /* HologramShaderTests.xctest */ = {isa = PBXFileReference; explicitFileType = wrapper.cfbundle; includeInIndex = 0; path = HologramShaderTests.xctest; sourceTree = BUILT_PRODUCTS_DIR; };
		904285072808B3E6006D5CB2 /* HologramShaderTests.swift */ = {isa = PBXFileReference; lastKnownFileType = sourcecode.swift; path = HologramShaderTests.swift; sourceTree = "<group>"; };
		9042850D2808B3E6006D5CB2 /* HologramShaderUITests.xctest */ = {isa = PBXFileReference; explicitFileType = wrapper.cfbundle; includeInIndex = 0; path = HologramShaderUITests.xctest; sourceTree = BUILT_PRODUCTS_DIR; };
		904285112808B3E6006D5CB2 /* HologramShaderUITests.swift */ = {isa = PBXFileReference; lastKnownFileType = sourcecode.swift; path = HologramShaderUITests.swift; sourceTree = "<group>"; };
		904285132808B3E6006D5CB2 /* HologramShaderUITestsLaunchTests.swift */ = {isa = PBXFileReference; lastKnownFileType = sourcecode.swift; path = HologramShaderUITestsLaunchTests.swift; sourceTree = "<group>"; };
/* End PBXFileReference section */

/* Begin PBXFrameworksBuildPhase section */
		904284EF2808B3E5006D5CB2 /* Frameworks */ = {
			isa = PBXFrameworksBuildPhase;
			buildActionMask = 2147483647;
			files = (
			);
			runOnlyForDeploymentPostprocessing = 0;
		};
		904285002808B3E6006D5CB2 /* Frameworks */ = {
			isa = PBXFrameworksBuildPhase;
			buildActionMask = 2147483647;
			files = (
			);
			runOnlyForDeploymentPostprocessing = 0;
		};
		9042850A2808B3E6006D5CB2 /* Frameworks */ = {
			isa = PBXFrameworksBuildPhase;
			buildActionMask = 2147483647;
			files = (
			);
			runOnlyForDeploymentPostprocessing = 0;
		};
/* End PBXFrameworksBuildPhase section */

/* Begin PBXGroup section */
		904284E92808B3E5006D5CB2 = {
			isa = PBXGroup;
			children = (
				904284F42808B3E5006D5CB2 /* HologramShader */,
				904285062808B3E6006D5CB2 /* HologramShaderTests */,
				904285102808B3E6006D5CB2 /* HologramShaderUITests */,
				904284F32808B3E5006D5CB2 /* Products */,
			);
			sourceTree = "<group>";
		};
		904284F32808B3E5006D5CB2 /* Products */ = {
			isa = PBXGroup;
			children = (
				904284F22808B3E5006D5CB2 /* HologramShader.app */,
				904285032808B3E6006D5CB2 /* HologramShaderTests.xctest */,
				9042850D2808B3E6006D5CB2 /* HologramShaderUITests.xctest */,
			);
			name = Products;
			sourceTree = "<group>";
		};
		904284F42808B3E5006D5CB2 /* HologramShader */ = {
			isa = PBXGroup;
			children = (
				904284F52808B3E5006D5CB2 /* AppDelegate.swift */,
				904284F72808B3E5006D5CB2 /* ViewController.swift */,
				904284F92808B3E6006D5CB2 /* Assets.xcassets */,
				904284FB2808B3E6006D5CB2 /* Main.storyboard */,
				904284FE2808B3E6006D5CB2 /* HologramShader.entitlements */,
			);
			path = HologramShader;
			sourceTree = "<group>";
		};
		904285062808B3E6006D5CB2 /* HologramShaderTests */ = {
			isa = PBXGroup;
			children = (
				904285072808B3E6006D5CB2 /* HologramShaderTests.swift */,
			);
			path = HologramShaderTests;
			sourceTree = "<group>";
		};
		904285102808B3E6006D5CB2 /* HologramShaderUITests */ = {
			isa = PBXGroup;
			children = (
				904285112808B3E6006D5CB2 /* HologramShaderUITests.swift */,
				904285132808B3E6006D5CB2 /* HologramShaderUITestsLaunchTests.swift */,
			);
			path = HologramShaderUITests;
			sourceTree = "<group>";
		};
/* End PBXGroup section */

/* Begin PBXNativeTarget section */
		904284F12808B3E5006D5CB2 /* HologramShader */ = {
			isa = PBXNativeTarget;
			buildConfigurationList = 904285172808B3E6006D5CB2 /* Build configuration list for PBXNativeTarget "HologramShader" */;
			buildPhases = (
				904284EE2808B3E5006D5CB2 /* Sources */,
				904284EF2808B3E5006D5CB2 /* Frameworks */,
				904284F02808B3E5006D5CB2 /* Resources */,
			);
			buildRules = (
			);
			dependencies = (
			);
			name = HologramShader;
			productName = HologramShader;
			productReference = 904284F22808B3E5006D5CB2 /* HologramShader.app */;
			productType = "com.apple.product-type.application";
		};
		904285022808B3E6006D5CB2 /* HologramShaderTests */ = {
			isa = PBXNativeTarget;
			buildConfigurationList = 9042851A2808B3E6006D5CB2 /* Build configuration list for PBXNativeTarget "HologramShaderTests" */;
			buildPhases = (
				904284FF2808B3E6006D5CB2 /* Sources */,
				904285002808B3E6006D5CB2 /* Frameworks */,
				904285012808B3E6006D5CB2 /* Resources */,
			);
			buildRules = (
			);
			dependencies = (
				904285052808B3E6006D5CB2 /* PBXTargetDependency */,
			);
			name = HologramShaderTests;
			productName = HologramShaderTests;
			productReference = 904285032808B3E6006D5CB2 /* HologramShaderTests.xctest */;
			productType = "com.apple.product-type.bundle.unit-test";
		};
		9042850C2808B3E6006D5CB2 /* HologramShaderUITests */ = {
			isa = PBXNativeTarget;
			buildConfigurationList = 9042851D2808B3E6006D5CB2 /* Build configuration list for PBXNativeTarget "HologramShaderUITests" */;
			buildPhases = (
				904285092808B3E6006D5CB2 /* Sources */,
				9042850A2808B3E6006D5CB2 /* Frameworks */,
				9042850B2808B3E6006D5CB2 /* Resources */,
			);
			buildRules = (
			);
			dependencies = (
				9042850F2808B3E6006D5CB2 /* PBXTargetDependency */,
			);
			name = HologramShaderUITests;
			productName = HologramShaderUITests;
			productReference = 9042850D2808B3E6006D5CB2 /* HologramShaderUITests.xctest */;
			productType = "com.apple.product-type.bundle.ui-testing";
		};
/* End PBXNativeTarget section */

/* Begin PBXProject section */
		904284EA2808B3E5006D5CB2 /* Project object */ = {
			isa = PBXProject;
			attributes = {
				BuildIndependentTargetsInParallel = 1;
				LastSwiftUpdateCheck = 1400;
				LastUpgradeCheck = 1400;
				TargetAttributes = {
					904284F12808B3E5006D5CB2 = {
						CreatedOnToolsVersion = 14.0;
					};
					904285022808B3E6006D5CB2 = {
						CreatedOnToolsVersion = 14.0;
						TestTargetID = 904284F12808B3E5006D5CB2;
					};
					9042850C2808B3E6006D5CB2 = {
						CreatedOnToolsVersion = 14.0;
						TestTargetID = 904284F12808B3E5006D5CB2;
					};
				};
			};
			buildConfigurationList = 904284ED2808B3E5006D5CB2 /* Build configuration list for PBXProject "HologramShader" */;
			compatibilityVersion = "Xcode 14.0";
			developmentRegion = en;
			hasScannedForEncodings = 0;
			knownRegions = (
				en,
				Base,
			);
			mainGroup = 904284E92808B3E5006D5CB2;
			productRefGroup = 904284F32808B3E5006D5CB2 /* Products */;
			projectDirPath = "";
			projectRoot = "";
			targets = (
				904284F12808B3E5006D5CB2 /* HologramShader */,
				904285022808B3E6006D5CB2 /* HologramShaderTests */,
				9042850C2808B3E6006D5CB2 /* HologramShaderUITests */,
			);
		};
/* End PBXProject section */

/* Begin PBXResourcesBuildPhase section */
		904284F02808B3E5006D5CB2 /* Resources */ = {
			isa = PBXResourcesBuildPhase;
			buildActionMask = 2147483647;
			files = (
				904284FA2808B3E6006D5CB2 /* Assets.xcassets in Resources */,
				904284FD2808B3E6006D5CB2 /* Main.storyboard in Resources */,
			);
			runOnlyForDeploymentPostprocessing = 0;
		};
		904285012808B3E6006D5CB2 /* Resources */ = {
			isa = PBXResourcesBuildPhase;
			buildActionMask = 2147483647;
			files = (
			);
			runOnlyForDeploymentPostprocessing = 0;
		};
		9042850B2808B3E6006D5CB2 /* Resources */ = {
			isa = PBXResourcesBuildPhase;
			buildActionMask = 2147483647;
			files = (
			);
			runOnlyForDeploymentPostprocessing = 0;
		};
/* End PBXResourcesBuildPhase section */

/* Begin PBXSourcesBuildPhase section */
		904284EE2808B3E5006D5CB2 /* Sources */ = {
			isa = PBXSourcesBuildPhase;
			buildActionMask = 2147483647;
			files = (
				904284F82808B3E5006D5CB2 /* ViewController.swift in Sources */,
				904284F62808B3E5006D5CB2 /* AppDelegate.swift in Sources */,
			);
			runOnlyForDeploymentPostprocessing = 0;
		};
		904284FF2808B3E6006D5CB2 /* Sources */ = {
			isa = PBXSourcesBuildPhase;
			buildActionMask = 2147483647;
			files = (
				904285082808B3E6006D5CB2 /* HologramShaderTests.swift in Sources */,
			);
			runOnlyForDeploymentPostprocessing = 0;
		};
		904285092808B3E6006D5CB2 /* Sources */ = {
			isa = PBXSourcesBuildPhase;
			buildActionMask = 2147483647;
			files = (
				904285142808B3E6006D5CB2 /* HologramShaderUITestsLaunchTests.swift in Sources */,
				904285122808B3E6006D5CB2 /* HologramShaderUITests.swift in Sources */,
			);
			runOnlyForDeploymentPostprocessing = 0;
		};
/* End PBXSourcesBuildPhase section */

/* Begin PBXTargetDependency section */
		904285052808B3E6006D5CB2 /* PBXTargetDependency */ = {
			isa = PBXTargetDependency;
			target = 904284F12808B3E5006D5CB2 /* HologramShader */;
			targetProxy = 904285042808B3E6006D5CB2 /* PBXContainerItemProxy */;
		};
		9042850F2808B3E6006D5CB2 /* PBXTargetDependency */ = {
			isa = PBXTargetDependency;
			target = 904284F12808B3E5006D5CB2 /* HologramShader */;
			targetProxy = 9042850E2808B3E6006D5CB2 /* PBXContainerItemProxy */;
		};
/* End PBXTargetDependency section */

/* Begin PBXVariantGroup section */
		904284FB2808B3E6006D5CB2 /* Main.storyboard */ = {
			isa = PBXVariantGroup;
			children = (
				904284FC2808B3E6006D5CB2 /* Base */,
			);
			name = Main.storyboard;
			sourceTree = "<group>";
		};
/* End PBXVariantGroup section */

/* Begin XCBuildConfiguration section */
		904285152808B3E6006D5CB2 /* Debug */ = {
			isa = XCBuildConfiguration;
			buildSettings = {
				ALWAYS_SEARCH_USER_PATHS = NO;
				CLANG_ANALYZER_NONNULL = YES;
				CLANG_ANALYZER_NUMBER_OBJECT_CONVERSION = YES_AGGRESSIVE;
				CLANG_CXX_LANGUAGE_STANDARD = "gnu++17";
				CLANG_CXX_LIBRARY = "libc++";
				CLANG_ENABLE_MODULES = YES;
				CLANG_ENABLE_OBJC_ARC = YES;
				CLANG_ENABLE_OBJC_WEAK = YES;
				CLANG_WARN_BLOCK_CAPTURE_AUTORELEASING = YES;
				CLANG_WARN_BOOL_CONVERSION = YES;
				CLANG_WARN_COMMA = YES;
				CLANG_WARN_CONSTANT_CONVERSION = YES;
				CLANG_WARN_DEPRECATED_OBJC_IMPLEMENTATIONS = YES;
				CLANG_WARN_DIRECT_OBJC_ISA_USAGE = YES_ERROR;
				CLANG_WARN_DOCUMENTATION_COMMENTS = YES;
				CLANG_WARN_EMPTY_BODY = YES;
				CLANG_WARN_ENUM_CONVERSION = YES;
				CLANG_WARN_INFINITE_RECURSION = YES;
				CLANG_WARN_INT_CONVERSION = YES;
				CLANG_WARN_NON_LITERAL_NULL_CONVERSION = YES;
				CLANG_WARN_OBJC_IMPLICIT_RETAIN_SELF = YES;
				CLANG_WARN_OBJC_LITERAL_CONVERSION = YES;
				CLANG_WARN_OBJC_ROOT_CLASS = YES_ERROR;
				CLANG_WARN_QUOTED_INCLUDE_IN_FRAMEWORK_HEADER = YES;
				CLANG_WARN_RANGE_LOOP_ANALYSIS = YES;
				CLANG_WARN_STRICT_PROTOTYPES = YES;
				CLANG_WARN_SUSPICIOUS_MOVE = YES;
				CLANG_WARN_UNGUARDED_AVAILABILITY = YES_AGGRESSIVE;
				CLANG_WARN_UNREACHABLE_CODE = YES;
				CLANG_WARN__DUPLICATE_METHOD_MATCH = YES;
				COPY_PHASE_STRIP = NO;
				DEBUG_INFORMATION_FORMAT = dwarf;
				ENABLE_STRICT_OBJC_MSGSEND = YES;
				ENABLE_TESTABILITY = YES;
				GCC_C_LANGUAGE_STANDARD = gnu11;
				GCC_DYNAMIC_NO_PIC = NO;
				GCC_NO_COMMON_BLOCKS = YES;
				GCC_OPTIMIZATION_LEVEL = 0;
				GCC_PREPROCESSOR_DEFINITIONS = (
					"DEBUG=1",
					"$(inherited)",
				);
				GCC_WARN_64_TO_32_BIT_CONVERSION = YES;
				GCC_WARN_ABOUT_RETURN_TYPE = YES_ERROR;
				GCC_WARN_UNDECLARED_SELECTOR = YES;
				GCC_WARN_UNINITIALIZED_AUTOS = YES_AGGRESSIVE;
				GCC_WARN_UNUSED_FUNCTION = YES;
				GCC_WARN_UNUSED_VARIABLE = YES;
				MACOSX_DEPLOYMENT_TARGET = 13.0;
				MTL_ENABLE_DEBUG_INFO = INCLUDE_SOURCE;
				MTL_FAST_MATH = YES;
				ONLY_ACTIVE_ARCH = YES;
				SDKROOT = macosx;
				SWIFT_ACTIVE_COMPILATION_CONDITIONS = DEBUG;
				SWIFT_OPTIMIZATION_LEVEL = "-Onone";
			};
			name = Debug;
		};
		904285162808B3E6006D5CB2 /* Release */ = {
			isa = XCBuildConfiguration;
			buildSettings = {
				ALWAYS_SEARCH_USER_PATHS = NO;
				CLANG_ANALYZER_NONNULL = YES;
				CLANG_ANALYZER_NUMBER_OBJECT_CONVERSION = YES_AGGRESSIVE;
				CLANG_CXX_LANGUAGE_STANDARD = "gnu++17";
				CLANG_CXX_LIBRARY = "libc++";
				CLANG_ENABLE_MODULES = YES;
				CLANG_ENABLE_OBJC_ARC = YES;
				CLANG_ENABLE_OBJC_WEAK = YES;
				CLANG_WARN_BLOCK_CAPTURE_AUTORELEASING = YES;
				CLANG_WARN_BOOL_CONVERSION = YES;
				CLANG_WARN_COMMA = YES;
				CLANG_WARN_CONSTANT_CONVERSION = YES;
				CLANG_WARN_DEPRECATED_OBJC_IMPLEMENTATIONS = YES;
				CLANG_WARN_DIRECT_OBJC_ISA_USAGE = YES_ERROR;
				CLANG_WARN_DOCUMENTATION_COMMENTS = YES;
				CLANG_WARN_EMPTY_BODY = YES;
				CLANG_WARN_ENUM_CONVERSION = YES;
				CLANG_WARN_INFINITE_RECURSION = YES;
				CLANG_WARN_INT_CONVERSION = YES;
				CLANG_WARN_NON_LITERAL_NULL_CONVERSION = YES;
				CLANG_WARN_OBJC_IMPLICIT_RETAIN_SELF = YES;
				CLANG_WARN_OBJC_LITERAL_CONVERSION = YES;
				CLANG_WARN_OBJC_ROOT_CLASS = YES_ERROR;
				CLANG_WARN_QUOTED_INCLUDE_IN_FRAMEWORK_HEADER = YES;
				CLANG_WARN_RANGE_LOOP_ANALYSIS = YES;
				CLANG_WARN_STRICT_PROTOTYPES = YES;
				CLANG_WARN_SUSPICIOUS_MOVE = YES;
				CLANG_WARN_UNGUARDED_AVAILABILITY = YES_AGGRESSIVE;
				CLANG_WARN_UNREACHABLE_CODE = YES;
				CLANG_WARN__DUPLICATE_METHOD_MATCH = YES;
				COPY_PHASE_STRIP = NO;
				DEBUG_INFORMATION_FORMAT = "dwarf-with-dsym";
				ENABLE_NS_ASSERTIONS = NO;
				ENABLE_STRICT_OBJC_MSGSEND = YES;
				GCC_C_LANGUAGE_STANDARD = gnu11;
				GCC_NO_COMMON_BLOCKS = YES;
				GCC_WARN_64_TO_32_BIT_CONVERSION = YES;
				GCC_WARN_ABOUT_RETURN_TYPE = YES_ERROR;
				GCC_WARN_UNDECLARED_SELECTOR = YES;
				GCC_WARN_UNINITIALIZED_AUTOS = YES_AGGRESSIVE;
				GCC_WARN_UNUSED_FUNCTION = YES;
				GCC_WARN_UNUSED_VARIABLE = YES;
				MACOSX_DEPLOYMENT_TARGET = 13.0;
				MTL_ENABLE_DEBUG_INFO = NO;
				MTL_FAST_MATH = YES;
				SDKROOT = macosx;
				SWIFT_COMPILATION_MODE = wholemodule;
				SWIFT_OPTIMIZATION_LEVEL = "-O";
			};
			name = Release;
		};
		904285182808B3E6006D5CB2 /* Debug */ = {
			isa = XCBuildConfiguration;
			buildSettings = {
				ASSETCATALOG_COMPILER_APPICON_NAME = AppIcon;
				ASSETCATALOG_COMPILER_GLOBAL_ACCENT_COLOR_NAME = AccentColor;
				CODE_SIGN_ENTITLEMENTS = HologramShader/HologramShader.entitlements;
				CODE_SIGN_STYLE = Automatic;
				COMBINE_HIDPI_IMAGES = YES;
				CURRENT_PROJECT_VERSION = 1;
				GENERATE_INFOPLIST_FILE = YES;
				INFOPLIST_KEY_NSHumanReadableCopyright = "";
				INFOPLIST_KEY_NSMainStoryboardFile = Main;
				INFOPLIST_KEY_NSPrincipalClass = NSApplication;
				LD_RUNPATH_SEARCH_PATHS = (
					"$(inherited)",
					"@executable_path/../Frameworks",
				);
				MARKETING_VERSION = 1.0;
				PRODUCT_BUNDLE_IDENTIFIER = FAM.HologramShader;
				PRODUCT_NAME = "$(TARGET_NAME)";
				SWIFT_EMIT_LOC_STRINGS = YES;
				SWIFT_VERSION = 5.0;
			};
			name = Debug;
		};
		904285192808B3E6006D5CB2 /* Release */ = {
			isa = XCBuildConfiguration;
			buildSettings = {
				ASSETCATALOG_COMPILER_APPICON_NAME = AppIcon;
				ASSETCATALOG_COMPILER_GLOBAL_ACCENT_COLOR_NAME = AccentColor;
				CODE_SIGN_ENTITLEMENTS = HologramShader/HologramShader.entitlements;
				CODE_SIGN_STYLE = Automatic;
				COMBINE_HIDPI_IMAGES = YES;
				CURRENT_PROJECT_VERSION = 1;
				GENERATE_INFOPLIST_FILE = YES;
				INFOPLIST_KEY_NSHumanReadableCopyright = "";
				INFOPLIST_KEY_NSMainStoryboardFile = Main;
				INFOPLIST_KEY_NSPrincipalClass = NSApplication;
				LD_RUNPATH_SEARCH_PATHS = (
					"$(inherited)",
					"@executable_path/../Frameworks",
				);
				MARKETING_VERSION = 1.0;
				PRODUCT_BUNDLE_IDENTIFIER = FAM.HologramShader;
				PRODUCT_NAME = "$(TARGET_NAME)";
				SWIFT_EMIT_LOC_STRINGS = YES;
				SWIFT_VERSION = 5.0;
			};
			name = Release;
		};
		9042851B2808B3E6006D5CB2 /* Debug */ = {
			isa = XCBuildConfiguration;
			buildSettings = {
				ALWAYS_EMBED_SWIFT_STANDARD_LIBRARIES = YES;
				BUNDLE_LOADER = "$(TEST_HOST)";
				CODE_SIGN_STYLE = Automatic;
				CURRENT_PROJECT_VERSION = 1;
				GENERATE_INFOPLIST_FILE = YES;
				MACOSX_DEPLOYMENT_TARGET = 13.0;
				MARKETING_VERSION = 1.0;
				PRODUCT_BUNDLE_IDENTIFIER = FAM.HologramShaderTests;
				PRODUCT_NAME = "$(TARGET_NAME)";
				SWIFT_EMIT_LOC_STRINGS = NO;
				SWIFT_VERSION = 5.0;
				TEST_HOST = "$(BUILT_PRODUCTS_DIR)/HologramShader.app/Contents/MacOS/HologramShader";
			};
			name = Debug;
		};
		9042851C2808B3E6006D5CB2 /* Release */ = {
			isa = XCBuildConfiguration;
			buildSettings = {
				ALWAYS_EMBED_SWIFT_STANDARD_LIBRARIES = YES;
				BUNDLE_LOADER = "$(TEST_HOST)";
				CODE_SIGN_STYLE = Automatic;
				CURRENT_PROJECT_VERSION = 1;
				GENERATE_INFOPLIST_FILE = YES;
				MACOSX_DEPLOYMENT_TARGET = 13.0;
				MARKETING_VERSION = 1.0;
				PRODUCT_BUNDLE_IDENTIFIER = FAM.HologramShaderTests;
				PRODUCT_NAME = "$(TARGET_NAME)";
				SWIFT_EMIT_LOC_STRINGS = NO;
				SWIFT_VERSION = 5.0;
				TEST_HOST = "$(BUILT_PRODUCTS_DIR)/HologramShader.app/Contents/MacOS/HologramShader";
			};
			name = Release;
		};
		9042851E2808B3E6006D5CB2 /* Debug */ = {
			isa = XCBuildConfiguration;
			buildSettings = {
				ALWAYS_EMBED_SWIFT_STANDARD_LIBRARIES = YES;
				CODE_SIGN_STYLE = Automatic;
				CURRENT_PROJECT_VERSION = 1;
				GENERATE_INFOPLIST_FILE = YES;
				MARKETING_VERSION = 1.0;
				PRODUCT_BUNDLE_IDENTIFIER = FAM.HologramShaderUITests;
				PRODUCT_NAME = "$(TARGET_NAME)";
				SWIFT_EMIT_LOC_STRINGS = NO;
				SWIFT_VERSION = 5.0;
				TEST_TARGET_NAME = HologramShader;
			};
			name = Debug;
		};
		9042851F2808B3E6006D5CB2 /* Release */ = {
			isa = XCBuildConfiguration;
			buildSettings = {
				ALWAYS_EMBED_SWIFT_STANDARD_LIBRARIES = YES;
				CODE_SIGN_STYLE = Automatic;
				CURRENT_PROJECT_VERSION = 1;
				GENERATE_INFOPLIST_FILE = YES;
				MARKETING_VERSION = 1.0;
				PRODUCT_BUNDLE_IDENTIFIER = FAM.HologramShaderUITests;
				PRODUCT_NAME = "$(TARGET_NAME)";
				SWIFT_EMIT_LOC_STRINGS = NO;
				SWIFT_VERSION = 5.0;
				TEST_TARGET_NAME = HologramShader;
			};
			name = Release;
		};
/* End XCBuildConfiguration section */

/* Begin XCConfigurationList section */
		904284ED2808B3E5006D5CB2 /* Build configuration list for PBXProject "HologramShader" */ = {
			isa = XCConfigurationList;
			buildConfigurations = (
				904285152808B3E6006D5CB2 /* Debug */,
				904285162808B3E6006D5CB2 /* Release */,
			);
			defaultConfigurationIsVisible = 0;
			defaultConfigurationName = Release;
		};
		904285172808B3E6006D5CB2 /* Build configuration list for PBXNativeTarget "HologramShader" */ = {
			isa = XCConfigurationList;
			buildConfigurations = (
				904285182808B3E6006D5CB2 /* Debug */,
				904285192808B3E6006D5CB2 /* Release */,
			);
			defaultConfigurationIsVisible = 0;
			defaultConfigurationName = Release;
		};
		9042851A2808B3E6006D5CB2 /* Build configuration list for PBXNativeTarget "HologramShaderTests" */ = {
			isa = XCConfigurationList;
			buildConfigurations = (
				9042851B2808B3E6006D5CB2 /* Debug */,
				9042851C2808B3E6006D5CB2 /* Release */,
			);
			defaultConfigurationIsVisible = 0;
			defaultConfigurationName = Release;
		};
		9042851D2808B3E6006D5CB2 /* Build configuration list for PBXNativeTarget "HologramShaderUITests" */ = {
			isa = XCConfigurationList;
			buildConfigurations = (
				9042851E2808B3E6006D5CB2 /* Debug */,
				9042851F2808B3E6006D5CB2 /* Release */,
			);
			defaultConfigurationIsVisible = 0;
			defaultConfigurationName = Release;
		};
/* End XCConfigurationList section */
	};
	rootObject = 904284EA2808B3E5006D5CB2 /* Project object */;
}
