// !$*UTF8*$!
{
	archiveVersion = 1;
	classes = {
	};
	objectVersion = 55;
	objects = {

/* Begin PBXBuildFile section */
		B1FEFF13281CEDE300D27A9F /* AppDelegate.swift in Sources */ = {isa = PBXBuildFile; fileRef = B1FEFF12281CEDE300D27A9F /* AppDelegate.swift */; };
		B1FEFF15281CEDE300D27A9F /* ViewController.swift in Sources */ = {isa = PBXBuildFile; fileRef = B1FEFF14281CEDE300D27A9F /* ViewController.swift */; };
		B1FEFF17281CEDE400D27A9F /* Assets.xcassets in Resources */ = {isa = PBXBuildFile; fileRef = B1FEFF16281CEDE400D27A9F /* Assets.xcassets */; };
		B1FEFF1A281CEDE400D27A9F /* Main.storyboard in Resources */ = {isa = PBXBuildFile; fileRef = B1FEFF18281CEDE400D27A9F /* Main.storyboard */; };
		B1FEFF25281CEDE500D27A9F /* HologramShaderTests.swift in Sources */ = {isa = PBXBuildFile; fileRef = B1FEFF24281CEDE500D27A9F /* HologramShaderTests.swift */; };
		B1FEFF2F281CEDE500D27A9F /* HologramShaderUITests.swift in Sources */ = {isa = PBXBuildFile; fileRef = B1FEFF2E281CEDE500D27A9F /* HologramShaderUITests.swift */; };
		B1FEFF31281CEDE500D27A9F /* HologramShaderUITestsLaunchTests.swift in Sources */ = {isa = PBXBuildFile; fileRef = B1FEFF30281CEDE500D27A9F /* HologramShaderUITestsLaunchTests.swift */; };
		B1FEFF42281CEF5300D27A9F /* MathUtilities.swift in Sources */ = {isa = PBXBuildFile; fileRef = B1FEFF3D281CEF5200D27A9F /* MathUtilities.swift */; };
		B1FEFF43281CEF5300D27A9F /* Renderer.swift in Sources */ = {isa = PBXBuildFile; fileRef = B1FEFF3E281CEF5200D27A9F /* Renderer.swift */; };
		B1FEFF44281CEF5300D27A9F /* Scene.swift in Sources */ = {isa = PBXBuildFile; fileRef = B1FEFF3F281CEF5200D27A9F /* Scene.swift */; };
		B1FEFF45281CEF5300D27A9F /* Shaders.metal in Sources */ = {isa = PBXBuildFile; fileRef = B1FEFF40281CEF5300D27A9F /* Shaders.metal */; };
		B1FEFF46281CEF5300D27A9F /* teapot.obj in Resources */ = {isa = PBXBuildFile; fileRef = B1FEFF41281CEF5300D27A9F /* teapot.obj */; };
/* End PBXBuildFile section */

/* Begin PBXContainerItemProxy section */
		B1FEFF21281CEDE500D27A9F /* PBXContainerItemProxy */ = {
			isa = PBXContainerItemProxy;
			containerPortal = B1FEFF07281CEDE200D27A9F /* Project object */;
			proxyType = 1;
			remoteGlobalIDString = B1FEFF0E281CEDE300D27A9F;
			remoteInfo = HologramShader;
		};
		B1FEFF2B281CEDE500D27A9F /* PBXContainerItemProxy */ = {
			isa = PBXContainerItemProxy;
			containerPortal = B1FEFF07281CEDE200D27A9F /* Project object */;
			proxyType = 1;
			remoteGlobalIDString = B1FEFF0E281CEDE300D27A9F;
			remoteInfo = HologramShader;
		};
/* End PBXContainerItemProxy section */

/* Begin PBXFileReference section */
		B1FEFF0F281CEDE300D27A9F /* HologramShader.app */ = {isa = PBXFileReference; explicitFileType = wrapper.application; includeInIndex = 0; path = HologramShader.app; sourceTree = BUILT_PRODUCTS_DIR; };
		B1FEFF12281CEDE300D27A9F /* AppDelegate.swift */ = {isa = PBXFileReference; lastKnownFileType = sourcecode.swift; path = AppDelegate.swift; sourceTree = "<group>"; };
		B1FEFF14281CEDE300D27A9F /* ViewController.swift */ = {isa = PBXFileReference; lastKnownFileType = sourcecode.swift; path = ViewController.swift; sourceTree = "<group>"; };
		B1FEFF16281CEDE400D27A9F /* Assets.xcassets */ = {isa = PBXFileReference; lastKnownFileType = folder.assetcatalog; path = Assets.xcassets; sourceTree = "<group>"; };
		B1FEFF19281CEDE400D27A9F /* Base */ = {isa = PBXFileReference; lastKnownFileType = file.storyboard; name = Base; path = Base.lproj/Main.storyboard; sourceTree = "<group>"; };
		B1FEFF1B281CEDE400D27A9F /* HologramShader.entitlements */ = {isa = PBXFileReference; lastKnownFileType = text.plist.entitlements; path = HologramShader.entitlements; sourceTree = "<group>"; };
		B1FEFF20281CEDE500D27A9F /* HologramShaderTests.xctest */ = {isa = PBXFileReference; explicitFileType = wrapper.cfbundle; includeInIndex = 0; path = HologramShaderTests.xctest; sourceTree = BUILT_PRODUCTS_DIR; };
		B1FEFF24281CEDE500D27A9F /* HologramShaderTests.swift */ = {isa = PBXFileReference; lastKnownFileType = sourcecode.swift; path = HologramShaderTests.swift; sourceTree = "<group>"; };
		B1FEFF2A281CEDE500D27A9F /* HologramShaderUITests.xctest */ = {isa = PBXFileReference; explicitFileType = wrapper.cfbundle; includeInIndex = 0; path = HologramShaderUITests.xctest; sourceTree = BUILT_PRODUCTS_DIR; };
		B1FEFF2E281CEDE500D27A9F /* HologramShaderUITests.swift */ = {isa = PBXFileReference; lastKnownFileType = sourcecode.swift; path = HologramShaderUITests.swift; sourceTree = "<group>"; };
		B1FEFF30281CEDE500D27A9F /* HologramShaderUITestsLaunchTests.swift */ = {isa = PBXFileReference; lastKnownFileType = sourcecode.swift; path = HologramShaderUITestsLaunchTests.swift; sourceTree = "<group>"; };
		B1FEFF3D281CEF5200D27A9F /* MathUtilities.swift */ = {isa = PBXFileReference; fileEncoding = 4; lastKnownFileType = sourcecode.swift; path = MathUtilities.swift; sourceTree = "<group>"; };
		B1FEFF3E281CEF5200D27A9F /* Renderer.swift */ = {isa = PBXFileReference; fileEncoding = 4; lastKnownFileType = sourcecode.swift; path = Renderer.swift; sourceTree = "<group>"; };
		B1FEFF3F281CEF5200D27A9F /* Scene.swift */ = {isa = PBXFileReference; fileEncoding = 4; lastKnownFileType = sourcecode.swift; path = Scene.swift; sourceTree = "<group>"; };
		B1FEFF40281CEF5300D27A9F /* Shaders.metal */ = {isa = PBXFileReference; fileEncoding = 4; lastKnownFileType = sourcecode.metal; path = Shaders.metal; sourceTree = "<group>"; };
		B1FEFF41281CEF5300D27A9F /* teapot.obj */ = {isa = PBXFileReference; fileEncoding = 4; lastKnownFileType = text; path = teapot.obj; sourceTree = "<group>"; };
/* End PBXFileReference section */

/* Begin PBXFrameworksBuildPhase section */
		B1FEFF0C281CEDE300D27A9F /* Frameworks */ = {
			isa = PBXFrameworksBuildPhase;
			buildActionMask = 2147483647;
			files = (
			);
			runOnlyForDeploymentPostprocessing = 0;
		};
		B1FEFF1D281CEDE500D27A9F /* Frameworks */ = {
			isa = PBXFrameworksBuildPhase;
			buildActionMask = 2147483647;
			files = (
			);
			runOnlyForDeploymentPostprocessing = 0;
		};
		B1FEFF27281CEDE500D27A9F /* Frameworks */ = {
			isa = PBXFrameworksBuildPhase;
			buildActionMask = 2147483647;
			files = (
			);
			runOnlyForDeploymentPostprocessing = 0;
		};
/* End PBXFrameworksBuildPhase section */

/* Begin PBXGroup section */
		B1FEFF06281CEDE200D27A9F = {
			isa = PBXGroup;
			children = (
				B1FEFF11281CEDE300D27A9F /* HologramShader */,
				B1FEFF23281CEDE500D27A9F /* HologramShaderTests */,
				B1FEFF2D281CEDE500D27A9F /* HologramShaderUITests */,
				B1FEFF10281CEDE300D27A9F /* Products */,
			);
			sourceTree = "<group>";
		};
		B1FEFF10281CEDE300D27A9F /* Products */ = {
			isa = PBXGroup;
			children = (
				B1FEFF0F281CEDE300D27A9F /* HologramShader.app */,
				B1FEFF20281CEDE500D27A9F /* HologramShaderTests.xctest */,
				B1FEFF2A281CEDE500D27A9F /* HologramShaderUITests.xctest */,
			);
			name = Products;
			sourceTree = "<group>";
		};
		B1FEFF11281CEDE300D27A9F /* HologramShader */ = {
			isa = PBXGroup;
			children = (
				B1FEFF3D281CEF5200D27A9F /* MathUtilities.swift */,
				B1FEFF3E281CEF5200D27A9F /* Renderer.swift */,
				B1FEFF3F281CEF5200D27A9F /* Scene.swift */,
				B1FEFF40281CEF5300D27A9F /* Shaders.metal */,
				B1FEFF41281CEF5300D27A9F /* teapot.obj */,
				B1FEFF12281CEDE300D27A9F /* AppDelegate.swift */,
				B1FEFF14281CEDE300D27A9F /* ViewController.swift */,
				B1FEFF16281CEDE400D27A9F /* Assets.xcassets */,
				B1FEFF18281CEDE400D27A9F /* Main.storyboard */,
				B1FEFF1B281CEDE400D27A9F /* HologramShader.entitlements */,
			);
			path = HologramShader;
			sourceTree = "<group>";
		};
		B1FEFF23281CEDE500D27A9F /* HologramShaderTests */ = {
			isa = PBXGroup;
			children = (
				B1FEFF24281CEDE500D27A9F /* HologramShaderTests.swift */,
			);
			path = HologramShaderTests;
			sourceTree = "<group>";
		};
		B1FEFF2D281CEDE500D27A9F /* HologramShaderUITests */ = {
			isa = PBXGroup;
			children = (
				B1FEFF2E281CEDE500D27A9F /* HologramShaderUITests.swift */,
				B1FEFF30281CEDE500D27A9F /* HologramShaderUITestsLaunchTests.swift */,
			);
			path = HologramShaderUITests;
			sourceTree = "<group>";
		};
/* End PBXGroup section */

/* Begin PBXNativeTarget section */
		B1FEFF0E281CEDE300D27A9F /* HologramShader */ = {
			isa = PBXNativeTarget;
			buildConfigurationList = B1FEFF34281CEDE500D27A9F /* Build configuration list for PBXNativeTarget "HologramShader" */;
			buildPhases = (
				B1FEFF0B281CEDE300D27A9F /* Sources */,
				B1FEFF0C281CEDE300D27A9F /* Frameworks */,
				B1FEFF0D281CEDE300D27A9F /* Resources */,
			);
			buildRules = (
			);
			dependencies = (
			);
			name = HologramShader;
			productName = HologramShader;
			productReference = B1FEFF0F281CEDE300D27A9F /* HologramShader.app */;
			productType = "com.apple.product-type.application";
		};
		B1FEFF1F281CEDE500D27A9F /* HologramShaderTests */ = {
			isa = PBXNativeTarget;
			buildConfigurationList = B1FEFF37281CEDE500D27A9F /* Build configuration list for PBXNativeTarget "HologramShaderTests" */;
			buildPhases = (
				B1FEFF1C281CEDE500D27A9F /* Sources */,
				B1FEFF1D281CEDE500D27A9F /* Frameworks */,
				B1FEFF1E281CEDE500D27A9F /* Resources */,
			);
			buildRules = (
			);
			dependencies = (
				B1FEFF22281CEDE500D27A9F /* PBXTargetDependency */,
			);
			name = HologramShaderTests;
			productName = HologramShaderTests;
			productReference = B1FEFF20281CEDE500D27A9F /* HologramShaderTests.xctest */;
			productType = "com.apple.product-type.bundle.unit-test";
		};
		B1FEFF29281CEDE500D27A9F /* HologramShaderUITests */ = {
			isa = PBXNativeTarget;
			buildConfigurationList = B1FEFF3A281CEDE500D27A9F /* Build configuration list for PBXNativeTarget "HologramShaderUITests" */;
			buildPhases = (
				B1FEFF26281CEDE500D27A9F /* Sources */,
				B1FEFF27281CEDE500D27A9F /* Frameworks */,
				B1FEFF28281CEDE500D27A9F /* Resources */,
			);
			buildRules = (
			);
			dependencies = (
				B1FEFF2C281CEDE500D27A9F /* PBXTargetDependency */,
			);
			name = HologramShaderUITests;
			productName = HologramShaderUITests;
			productReference = B1FEFF2A281CEDE500D27A9F /* HologramShaderUITests.xctest */;
			productType = "com.apple.product-type.bundle.ui-testing";
		};
/* End PBXNativeTarget section */

/* Begin PBXProject section */
		B1FEFF07281CEDE200D27A9F /* Project object */ = {
			isa = PBXProject;
			attributes = {
				BuildIndependentTargetsInParallel = 1;
				LastSwiftUpdateCheck = 1330;
				LastUpgradeCheck = 1330;
				TargetAttributes = {
					B1FEFF0E281CEDE300D27A9F = {
						CreatedOnToolsVersion = 13.3.1;
					};
					B1FEFF1F281CEDE500D27A9F = {
						CreatedOnToolsVersion = 13.3.1;
						TestTargetID = B1FEFF0E281CEDE300D27A9F;
					};
					B1FEFF29281CEDE500D27A9F = {
						CreatedOnToolsVersion = 13.3.1;
						TestTargetID = B1FEFF0E281CEDE300D27A9F;
					};
				};
			};
			buildConfigurationList = B1FEFF0A281CEDE200D27A9F /* Build configuration list for PBXProject "HologramShader" */;
			compatibilityVersion = "Xcode 13.0";
			developmentRegion = en;
			hasScannedForEncodings = 0;
			knownRegions = (
				en,
				Base,
			);
			mainGroup = B1FEFF06281CEDE200D27A9F;
			productRefGroup = B1FEFF10281CEDE300D27A9F /* Products */;
			projectDirPath = "";
			projectRoot = "";
			targets = (
				B1FEFF0E281CEDE300D27A9F /* HologramShader */,
				B1FEFF1F281CEDE500D27A9F /* HologramShaderTests */,
				B1FEFF29281CEDE500D27A9F /* HologramShaderUITests */,
			);
		};
/* End PBXProject section */

/* Begin PBXResourcesBuildPhase section */
		B1FEFF0D281CEDE300D27A9F /* Resources */ = {
			isa = PBXResourcesBuildPhase;
			buildActionMask = 2147483647;
			files = (
				B1FEFF17281CEDE400D27A9F /* Assets.xcassets in Resources */,
				B1FEFF1A281CEDE400D27A9F /* Main.storyboard in Resources */,
				B1FEFF46281CEF5300D27A9F /* teapot.obj in Resources */,
			);
			runOnlyForDeploymentPostprocessing = 0;
		};
		B1FEFF1E281CEDE500D27A9F /* Resources */ = {
			isa = PBXResourcesBuildPhase;
			buildActionMask = 2147483647;
			files = (
			);
			runOnlyForDeploymentPostprocessing = 0;
		};
		B1FEFF28281CEDE500D27A9F /* Resources */ = {
			isa = PBXResourcesBuildPhase;
			buildActionMask = 2147483647;
			files = (
			);
			runOnlyForDeploymentPostprocessing = 0;
		};
/* End PBXResourcesBuildPhase section */

/* Begin PBXSourcesBuildPhase section */
		B1FEFF0B281CEDE300D27A9F /* Sources */ = {
			isa = PBXSourcesBuildPhase;
			buildActionMask = 2147483647;
			files = (
				B1FEFF45281CEF5300D27A9F /* Shaders.metal in Sources */,
				B1FEFF43281CEF5300D27A9F /* Renderer.swift in Sources */,
				B1FEFF15281CEDE300D27A9F /* ViewController.swift in Sources */,
				B1FEFF44281CEF5300D27A9F /* Scene.swift in Sources */,
				B1FEFF42281CEF5300D27A9F /* MathUtilities.swift in Sources */,
				B1FEFF13281CEDE300D27A9F /* AppDelegate.swift in Sources */,
			);
			runOnlyForDeploymentPostprocessing = 0;
		};
		B1FEFF1C281CEDE500D27A9F /* Sources */ = {
			isa = PBXSourcesBuildPhase;
			buildActionMask = 2147483647;
			files = (
				B1FEFF25281CEDE500D27A9F /* HologramShaderTests.swift in Sources */,
			);
			runOnlyForDeploymentPostprocessing = 0;
		};
		B1FEFF26281CEDE500D27A9F /* Sources */ = {
			isa = PBXSourcesBuildPhase;
			buildActionMask = 2147483647;
			files = (
				B1FEFF31281CEDE500D27A9F /* HologramShaderUITestsLaunchTests.swift in Sources */,
				B1FEFF2F281CEDE500D27A9F /* HologramShaderUITests.swift in Sources */,
			);
			runOnlyForDeploymentPostprocessing = 0;
		};
/* End PBXSourcesBuildPhase section */

/* Begin PBXTargetDependency section */
		B1FEFF22281CEDE500D27A9F /* PBXTargetDependency */ = {
			isa = PBXTargetDependency;
			target = B1FEFF0E281CEDE300D27A9F /* HologramShader */;
			targetProxy = B1FEFF21281CEDE500D27A9F /* PBXContainerItemProxy */;
		};
		B1FEFF2C281CEDE500D27A9F /* PBXTargetDependency */ = {
			isa = PBXTargetDependency;
			target = B1FEFF0E281CEDE300D27A9F /* HologramShader */;
			targetProxy = B1FEFF2B281CEDE500D27A9F /* PBXContainerItemProxy */;
		};
/* End PBXTargetDependency section */

/* Begin PBXVariantGroup section */
		B1FEFF18281CEDE400D27A9F /* Main.storyboard */ = {
			isa = PBXVariantGroup;
			children = (
				B1FEFF19281CEDE400D27A9F /* Base */,
			);
			name = Main.storyboard;
			sourceTree = "<group>";
		};
/* End PBXVariantGroup section */

/* Begin XCBuildConfiguration section */
		B1FEFF32281CEDE500D27A9F /* Debug */ = {
			isa = XCBuildConfiguration;
			buildSettings = {
				ALWAYS_SEARCH_USER_PATHS = NO;
				CLANG_ANALYZER_NONNULL = YES;
				CLANG_ANALYZER_NUMBER_OBJECT_CONVERSION = YES_AGGRESSIVE;
				CLANG_CXX_LANGUAGE_STANDARD = "gnu++17";
				CLANG_ENABLE_MODULES = YES;
				CLANG_ENABLE_OBJC_ARC = YES;
				CLANG_ENABLE_OBJC_WEAK = YES;
				CLANG_WARN_BLOCK_CAPTURE_AUTORELEASING = YES;
				CLANG_WARN_BOOL_CONVERSION = YES;
				CLANG_WARN_COMMA = YES;
				CLANG_WARN_CONSTANT_CONVERSION = YES;
				CLANG_WARN_DEPRECATED_OBJC_IMPLEMENTATIONS = YES;
				CLANG_WARN_DIRECT_OBJC_ISA_USAGE = YES_ERROR;
				CLANG_WARN_DOCUMENTATION_COMMENTS = YES;
				CLANG_WARN_EMPTY_BODY = YES;
				CLANG_WARN_ENUM_CONVERSION = YES;
				CLANG_WARN_INFINITE_RECURSION = YES;
				CLANG_WARN_INT_CONVERSION = YES;
				CLANG_WARN_NON_LITERAL_NULL_CONVERSION = YES;
				CLANG_WARN_OBJC_IMPLICIT_RETAIN_SELF = YES;
				CLANG_WARN_OBJC_LITERAL_CONVERSION = YES;
				CLANG_WARN_OBJC_ROOT_CLASS = YES_ERROR;
				CLANG_WARN_QUOTED_INCLUDE_IN_FRAMEWORK_HEADER = YES;
				CLANG_WARN_RANGE_LOOP_ANALYSIS = YES;
				CLANG_WARN_STRICT_PROTOTYPES = YES;
				CLANG_WARN_SUSPICIOUS_MOVE = YES;
				CLANG_WARN_UNGUARDED_AVAILABILITY = YES_AGGRESSIVE;
				CLANG_WARN_UNREACHABLE_CODE = YES;
				CLANG_WARN__DUPLICATE_METHOD_MATCH = YES;
				COPY_PHASE_STRIP = NO;
				DEBUG_INFORMATION_FORMAT = dwarf;
				ENABLE_STRICT_OBJC_MSGSEND = YES;
				ENABLE_TESTABILITY = YES;
				GCC_C_LANGUAGE_STANDARD = gnu11;
				GCC_DYNAMIC_NO_PIC = NO;
				GCC_NO_COMMON_BLOCKS = YES;
				GCC_OPTIMIZATION_LEVEL = 0;
				GCC_PREPROCESSOR_DEFINITIONS = (
					"DEBUG=1",
					"$(inherited)",
				);
				GCC_WARN_64_TO_32_BIT_CONVERSION = YES;
				GCC_WARN_ABOUT_RETURN_TYPE = YES_ERROR;
				GCC_WARN_UNDECLARED_SELECTOR = YES;
				GCC_WARN_UNINITIALIZED_AUTOS = YES_AGGRESSIVE;
				GCC_WARN_UNUSED_FUNCTION = YES;
				GCC_WARN_UNUSED_VARIABLE = YES;
				MACOSX_DEPLOYMENT_TARGET = 12.3;
				MTL_ENABLE_DEBUG_INFO = INCLUDE_SOURCE;
				MTL_FAST_MATH = YES;
				ONLY_ACTIVE_ARCH = YES;
				SDKROOT = macosx;
				SWIFT_ACTIVE_COMPILATION_CONDITIONS = DEBUG;
				SWIFT_OPTIMIZATION_LEVEL = "-Onone";
			};
			name = Debug;
		};
		B1FEFF33281CEDE500D27A9F /* Release */ = {
			isa = XCBuildConfiguration;
			buildSettings = {
				ALWAYS_SEARCH_USER_PATHS = NO;
				CLANG_ANALYZER_NONNULL = YES;
				CLANG_ANALYZER_NUMBER_OBJECT_CONVERSION = YES_AGGRESSIVE;
				CLANG_CXX_LANGUAGE_STANDARD = "gnu++17";
				CLANG_ENABLE_MODULES = YES;
				CLANG_ENABLE_OBJC_ARC = YES;
				CLANG_ENABLE_OBJC_WEAK = YES;
				CLANG_WARN_BLOCK_CAPTURE_AUTORELEASING = YES;
				CLANG_WARN_BOOL_CONVERSION = YES;
				CLANG_WARN_COMMA = YES;
				CLANG_WARN_CONSTANT_CONVERSION = YES;
				CLANG_WARN_DEPRECATED_OBJC_IMPLEMENTATIONS = YES;
				CLANG_WARN_DIRECT_OBJC_ISA_USAGE = YES_ERROR;
				CLANG_WARN_DOCUMENTATION_COMMENTS = YES;
				CLANG_WARN_EMPTY_BODY = YES;
				CLANG_WARN_ENUM_CONVERSION = YES;
				CLANG_WARN_INFINITE_RECURSION = YES;
				CLANG_WARN_INT_CONVERSION = YES;
				CLANG_WARN_NON_LITERAL_NULL_CONVERSION = YES;
				CLANG_WARN_OBJC_IMPLICIT_RETAIN_SELF = YES;
				CLANG_WARN_OBJC_LITERAL_CONVERSION = YES;
				CLANG_WARN_OBJC_ROOT_CLASS = YES_ERROR;
				CLANG_WARN_QUOTED_INCLUDE_IN_FRAMEWORK_HEADER = YES;
				CLANG_WARN_RANGE_LOOP_ANALYSIS = YES;
				CLANG_WARN_STRICT_PROTOTYPES = YES;
				CLANG_WARN_SUSPICIOUS_MOVE = YES;
				CLANG_WARN_UNGUARDED_AVAILABILITY = YES_AGGRESSIVE;
				CLANG_WARN_UNREACHABLE_CODE = YES;
				CLANG_WARN__DUPLICATE_METHOD_MATCH = YES;
				COPY_PHASE_STRIP = NO;
				DEBUG_INFORMATION_FORMAT = "dwarf-with-dsym";
				ENABLE_NS_ASSERTIONS = NO;
				ENABLE_STRICT_OBJC_MSGSEND = YES;
				GCC_C_LANGUAGE_STANDARD = gnu11;
				GCC_NO_COMMON_BLOCKS = YES;
				GCC_WARN_64_TO_32_BIT_CONVERSION = YES;
				GCC_WARN_ABOUT_RETURN_TYPE = YES_ERROR;
				GCC_WARN_UNDECLARED_SELECTOR = YES;
				GCC_WARN_UNINITIALIZED_AUTOS = YES_AGGRESSIVE;
				GCC_WARN_UNUSED_FUNCTION = YES;
				GCC_WARN_UNUSED_VARIABLE = YES;
				MACOSX_DEPLOYMENT_TARGET = 12.3;
				MTL_ENABLE_DEBUG_INFO = NO;
				MTL_FAST_MATH = YES;
				SDKROOT = macosx;
				SWIFT_COMPILATION_MODE = wholemodule;
				SWIFT_OPTIMIZATION_LEVEL = "-O";
			};
			name = Release;
		};
		B1FEFF35281CEDE500D27A9F /* Debug */ = {
			isa = XCBuildConfiguration;
			buildSettings = {
				ASSETCATALOG_COMPILER_APPICON_NAME = AppIcon;
				ASSETCATALOG_COMPILER_GLOBAL_ACCENT_COLOR_NAME = AccentColor;
				CODE_SIGN_ENTITLEMENTS = HologramShader/HologramShader.entitlements;
				CODE_SIGN_STYLE = Automatic;
				COMBINE_HIDPI_IMAGES = YES;
				CURRENT_PROJECT_VERSION = 1;
				GENERATE_INFOPLIST_FILE = YES;
				INFOPLIST_KEY_NSHumanReadableCopyright = "";
				INFOPLIST_KEY_NSMainStoryboardFile = Main;
				INFOPLIST_KEY_NSPrincipalClass = NSApplication;
				LD_RUNPATH_SEARCH_PATHS = (
					"$(inherited)",
					"@executable_path/../Frameworks",
				);
				MARKETING_VERSION = 1.0;
				PRODUCT_BUNDLE_IDENTIFIER = fam.HologramShader;
				PRODUCT_NAME = "$(TARGET_NAME)";
				SWIFT_EMIT_LOC_STRINGS = YES;
				SWIFT_VERSION = 5.0;
			};
			name = Debug;
		};
		B1FEFF36281CEDE500D27A9F /* Release */ = {
			isa = XCBuildConfiguration;
			buildSettings = {
				ASSETCATALOG_COMPILER_APPICON_NAME = AppIcon;
				ASSETCATALOG_COMPILER_GLOBAL_ACCENT_COLOR_NAME = AccentColor;
				CODE_SIGN_ENTITLEMENTS = HologramShader/HologramShader.entitlements;
				CODE_SIGN_STYLE = Automatic;
				COMBINE_HIDPI_IMAGES = YES;
				CURRENT_PROJECT_VERSION = 1;
				GENERATE_INFOPLIST_FILE = YES;
				INFOPLIST_KEY_NSHumanReadableCopyright = "";
				INFOPLIST_KEY_NSMainStoryboardFile = Main;
				INFOPLIST_KEY_NSPrincipalClass = NSApplication;
				LD_RUNPATH_SEARCH_PATHS = (
					"$(inherited)",
					"@executable_path/../Frameworks",
				);
				MARKETING_VERSION = 1.0;
				PRODUCT_BUNDLE_IDENTIFIER = fam.HologramShader;
				PRODUCT_NAME = "$(TARGET_NAME)";
				SWIFT_EMIT_LOC_STRINGS = YES;
				SWIFT_VERSION = 5.0;
			};
			name = Release;
		};
		B1FEFF38281CEDE500D27A9F /* Debug */ = {
			isa = XCBuildConfiguration;
			buildSettings = {
				ALWAYS_EMBED_SWIFT_STANDARD_LIBRARIES = YES;
				BUNDLE_LOADER = "$(TEST_HOST)";
				CODE_SIGN_STYLE = Automatic;
				CURRENT_PROJECT_VERSION = 1;
				GENERATE_INFOPLIST_FILE = YES;
				MACOSX_DEPLOYMENT_TARGET = 12.3;
				MARKETING_VERSION = 1.0;
				PRODUCT_BUNDLE_IDENTIFIER = fam.HologramShaderTests;
				PRODUCT_NAME = "$(TARGET_NAME)";
				SWIFT_EMIT_LOC_STRINGS = NO;
				SWIFT_VERSION = 5.0;
				TEST_HOST = "$(BUILT_PRODUCTS_DIR)/HologramShader.app/Contents/MacOS/HologramShader";
			};
			name = Debug;
		};
		B1FEFF39281CEDE500D27A9F /* Release */ = {
			isa = XCBuildConfiguration;
			buildSettings = {
				ALWAYS_EMBED_SWIFT_STANDARD_LIBRARIES = YES;
				BUNDLE_LOADER = "$(TEST_HOST)";
				CODE_SIGN_STYLE = Automatic;
				CURRENT_PROJECT_VERSION = 1;
				GENERATE_INFOPLIST_FILE = YES;
				MACOSX_DEPLOYMENT_TARGET = 12.3;
				MARKETING_VERSION = 1.0;
				PRODUCT_BUNDLE_IDENTIFIER = fam.HologramShaderTests;
				PRODUCT_NAME = "$(TARGET_NAME)";
				SWIFT_EMIT_LOC_STRINGS = NO;
				SWIFT_VERSION = 5.0;
				TEST_HOST = "$(BUILT_PRODUCTS_DIR)/HologramShader.app/Contents/MacOS/HologramShader";
			};
			name = Release;
		};
		B1FEFF3B281CEDE500D27A9F /* Debug */ = {
			isa = XCBuildConfiguration;
			buildSettings = {
				ALWAYS_EMBED_SWIFT_STANDARD_LIBRARIES = YES;
				CODE_SIGN_STYLE = Automatic;
				CURRENT_PROJECT_VERSION = 1;
				GENERATE_INFOPLIST_FILE = YES;
				MARKETING_VERSION = 1.0;
				PRODUCT_BUNDLE_IDENTIFIER = fam.HologramShaderUITests;
				PRODUCT_NAME = "$(TARGET_NAME)";
				SWIFT_EMIT_LOC_STRINGS = NO;
				SWIFT_VERSION = 5.0;
				TEST_TARGET_NAME = HologramShader;
			};
			name = Debug;
		};
		B1FEFF3C281CEDE500D27A9F /* Release */ = {
			isa = XCBuildConfiguration;
			buildSettings = {
				ALWAYS_EMBED_SWIFT_STANDARD_LIBRARIES = YES;
				CODE_SIGN_STYLE = Automatic;
				CURRENT_PROJECT_VERSION = 1;
				GENERATE_INFOPLIST_FILE = YES;
				MARKETING_VERSION = 1.0;
				PRODUCT_BUNDLE_IDENTIFIER = fam.HologramShaderUITests;
				PRODUCT_NAME = "$(TARGET_NAME)";
				SWIFT_EMIT_LOC_STRINGS = NO;
				SWIFT_VERSION = 5.0;
				TEST_TARGET_NAME = HologramShader;
			};
			name = Release;
		};
/* End XCBuildConfiguration section */

/* Begin XCConfigurationList section */
		B1FEFF0A281CEDE200D27A9F /* Build configuration list for PBXProject "HologramShader" */ = {
			isa = XCConfigurationList;
			buildConfigurations = (
				B1FEFF32281CEDE500D27A9F /* Debug */,
				B1FEFF33281CEDE500D27A9F /* Release */,
			);
			defaultConfigurationIsVisible = 0;
			defaultConfigurationName = Release;
		};
		B1FEFF34281CEDE500D27A9F /* Build configuration list for PBXNativeTarget "HologramShader" */ = {
			isa = XCConfigurationList;
			buildConfigurations = (
				B1FEFF35281CEDE500D27A9F /* Debug */,
				B1FEFF36281CEDE500D27A9F /* Release */,
			);
			defaultConfigurationIsVisible = 0;
			defaultConfigurationName = Release;
		};
		B1FEFF37281CEDE500D27A9F /* Build configuration list for PBXNativeTarget "HologramShaderTests" */ = {
			isa = XCConfigurationList;
			buildConfigurations = (
				B1FEFF38281CEDE500D27A9F /* Debug */,
				B1FEFF39281CEDE500D27A9F /* Release */,
			);
			defaultConfigurationIsVisible = 0;
			defaultConfigurationName = Release;
		};
		B1FEFF3A281CEDE500D27A9F /* Build configuration list for PBXNativeTarget "HologramShaderUITests" */ = {
			isa = XCConfigurationList;
			buildConfigurations = (
				B1FEFF3B281CEDE500D27A9F /* Debug */,
				B1FEFF3C281CEDE500D27A9F /* Release */,
			);
			defaultConfigurationIsVisible = 0;
			defaultConfigurationName = Release;
		};
/* End XCConfigurationList section */
	};
	rootObject = B1FEFF07281CEDE200D27A9F /* Project object */;
}
